
Microsoft Visual Studio Solution File, Format Version 12.00
# Visual Studio Version 17
VisualStudioVersion = 17.5.002.0
MinimumVisualStudioVersion = 10.0.40219.1
Project("{2150E333-8FDC-42A3-9474-1A3956D46DE8}") = "OOP", "OOP", "{4D81C35E-C947-4F02-9813-FF53196C190F}"
EndProject
Project("{9A19103F-16F7-4668-BE54-9A1E7A4F7556}") = "bai", "OOP\bai\bai.csproj", "{472132DD-CE97-4DF9-AD94-C7CE239CC2CB}"
EndProject
Project("{9A19103F-16F7-4668-BE54-9A1E7A4F7556}") = "bai3", "OOP\bai3\bai3.csproj", "{3571CFD1-96CB-456A-B080-F294E825461A}"
EndProject
Project("{9A19103F-16F7-4668-BE54-9A1E7A4F7556}") = "GameDoanSo", "OOP\GameDoanSo\GameDoanSo.csproj", "{E24CC3E2-BAE4-4377-A1F7-2BC4DA6FE3C4}"
EndProject
Project("{2150E333-8FDC-42A3-9474-1A3956D46DE8}") = "Chuong1HW", "Chuong1HW", "{8105E10F-834A-4DF0-A892-C4FFC4FD126F}"
EndProject
Project("{9A19103F-16F7-4668-BE54-9A1E7A4F7556}") = "bai10", "OOP\Chuong1HW\bai10\bai10.csproj", "{8C09C330-5A58-4A22-8212-C8F403A77F5D}"
EndProject
Project("{9A19103F-16F7-4668-BE54-9A1E7A4F7556}") = "bai11", "OOP\Chuong1HW\bai11\bai11.csproj", "{DF8D4C13-6FC2-4F99-A978-7016475D96E6}"
EndProject
Project("{9A19103F-16F7-4668-BE54-9A1E7A4F7556}") = "bai12", "OOP\Chuong1HW\bai12\bai12.csproj", "{54464A1D-59A7-49B9-B544-FB87FE562F88}"
EndProject
Project("{9A19103F-16F7-4668-BE54-9A1E7A4F7556}") = "bai4", "OOP\Chuong1HW\bai4\bai4.csproj", "{88DDB6D6-F7F5-4A79-A77D-39037F6A3EE9}"
EndProject
Project("{9A19103F-16F7-4668-BE54-9A1E7A4F7556}") = "bai5", "OOP\Chuong1HW\bai5\bai5.csproj", "{4005B962-AB83-4085-8213-F4A4FAB49708}"
EndProject
Project("{9A19103F-16F7-4668-BE54-9A1E7A4F7556}") = "bai6", "OOP\Chuong1HW\bai6\bai6.csproj", "{0FFFEE49-5518-45F7-A543-DA06A4CCE83B}"
EndProject
Project("{9A19103F-16F7-4668-BE54-9A1E7A4F7556}") = "bai7", "OOP\Chuong1HW\bai7\bai7.csproj", "{C16E55DD-455C-4A6B-BCDC-9B2C41209A9C}"
EndProject
Project("{9A19103F-16F7-4668-BE54-9A1E7A4F7556}") = "bai8", "OOP\Chuong1HW\bai8\bai8.csproj", "{9E99CFAA-10B9-4B6F-964D-F237AF93874B}"
EndProject
Project("{9A19103F-16F7-4668-BE54-9A1E7A4F7556}") = "bai9", "OOP\Chuong1HW\bai9\bai9.csproj", "{7B1325CB-F35A-4C40-A1D4-43BD84DF8E1D}"
EndProject
Project("{2150E333-8FDC-42A3-9474-1A3956D46DE8}") = "Chuong2HW", "Chuong2HW", "{0483D2E6-CF42-4377-A22C-34B3326ECC02}"
EndProject
Project("{9A19103F-16F7-4668-BE54-9A1E7A4F7556}") = "Bai1", "OOP\Chuong2HW\Bai1\Bai1.csproj", "{C93EF73F-E971-433A-A83C-393F909F32AC}"
EndProject
Project("{9A19103F-16F7-4668-BE54-9A1E7A4F7556}") = "Bai2", "OOP\Chuong2HW\Bai2\Bai2.csproj", "{2519B4C1-B6C0-4E5D-858B-ACFE993B70B2}"
EndProject
Project("{2150E333-8FDC-42A3-9474-1A3956D46DE8}") = "Chuong2HW_P2", "Chuong2HW_P2", "{6B12720C-197F-464E-BA62-BEC51E19937E}"
EndProject
Project("{9A19103F-16F7-4668-BE54-9A1E7A4F7556}") = "Bai1", "OOP\Chuong2HW_P2\Bai1\Bai1.csproj", "{7BC04132-DF79-438D-A1A6-59B7D0C7EFC4}"
EndProject
Project("{9A19103F-16F7-4668-BE54-9A1E7A4F7556}") = "Bai2", "OOP\Chuong2HW_P2\Bai2\Bai2.csproj", "{C49A0744-BDE7-49FE-8DAA-8CC083101D59}"
EndProject
Project("{2150E333-8FDC-42A3-9474-1A3956D46DE8}") = "Chuong3", "Chuong3", "{4DE002E7-7FD0-43E2-A0FA-2F803061BC19}"
EndProject
Project("{9A19103F-16F7-4668-BE54-9A1E7A4F7556}") = "Bai1", "OOP\Chuong3\Bai1\Bai1.csproj", "{9C7FF094-DF31-41C0-A0DB-5A538EC06483}"
EndProject
Project("{9A19103F-16F7-4668-BE54-9A1E7A4F7556}") = "Bai2", "OOP\Chuong3\Bai2\Bai2.csproj", "{022B9823-A08C-4FC3-B81F-C80E52E4233A}"
EndProject
Project("{9A19103F-16F7-4668-BE54-9A1E7A4F7556}") = "Bai3", "OOP\Chuong3\Bai3\Bai3.csproj", "{99BCD1CC-3720-4C39-BD39-38069097BD9C}"
EndProject
Project("{9A19103F-16F7-4668-BE54-9A1E7A4F7556}") = "Bai4", "OOP\Chuong3\Bai4\Bai4.csproj", "{0624CE73-C0EE-4F19-9A2A-D8655CD635DD}"
EndProject
Project("{9A19103F-16F7-4668-BE54-9A1E7A4F7556}") = "DongGoiDemo", "OOP\Chuong3\DongGoiDemo\DongGoiDemo.csproj", "{6962A008-F62A-42D2-A171-B3144AE6B50D}"
EndProject
Project("{2150E333-8FDC-42A3-9474-1A3956D46DE8}") = "KiemTraThuongXuyen", "KiemTraThuongXuyen", "{37BA59DE-33E5-4D62-96D4-ACA61195A9EC}"
EndProject
Project("{9A19103F-16F7-4668-BE54-9A1E7A4F7556}") = "Phanso", "OOP\KiemTraThuongXuyen\Phanso\Phanso.csproj", "{727BBAE1-8C32-4AAC-81BF-87B82B8639B3}"
EndProject
Project("{2150E333-8FDC-42A3-9474-1A3956D46DE8}") = "RuaChen", "RuaChen", "{9DC4A643-8792-4358-9851-835840AE5575}"
EndProject
Project("{9A19103F-16F7-4668-BE54-9A1E7A4F7556}") = "RuaChen", "OOP\RuaChen\RuaChen\RuaChen.csproj", "{BEA8230B-416A-4D96-B380-71CB11A581E8}"
EndProject
Project("{2150E333-8FDC-42A3-9474-1A3956D46DE8}") = "WEEK5", "WEEK5", "{8406FEAF-B8C6-402E-A26F-CAC4A67ADA82}"
EndProject
Project("{9A19103F-16F7-4668-BE54-9A1E7A4F7556}") = "demoSinhVIen", "OOP\WEEK5\demoSinhVIen\demoSinhVIen.csproj", "{5D3289BA-B585-40E1-8758-745E6467A1DA}"
EndProject
Project("{2150E333-8FDC-42A3-9474-1A3956D46DE8}") = "Slide", "Slide", "{A94C1768-F067-42D8-A395-64F242F1DC83}"
EndProject
Project("{9A19103F-16F7-4668-BE54-9A1E7A4F7556}") = "bai4_11", "OOP\Chuong2HW\Slide\bai4_11\bai4_11.csproj", "{9783CC6F-4A43-4E9E-B53B-B71CFCDA51CB}"
EndProject
Project("{9A19103F-16F7-4668-BE54-9A1E7A4F7556}") = "bai4_12", "OOP\Chuong2HW\Slide\bai4_12\bai4_12.csproj", "{91F6E7F6-6B2E-4595-B4CD-5D7794D8CBFD}"
EndProject
Project("{9A19103F-16F7-4668-BE54-9A1E7A4F7556}") = "bai4_13", "OOP\Chuong2HW\Slide\bai4_13\bai4_13.csproj", "{B8120B51-DB0C-461F-A54C-6FEB0D234D8C}"
EndProject
Project("{9A19103F-16F7-4668-BE54-9A1E7A4F7556}") = "bai4_15", "OOP\Chuong2HW\Slide\bai4_15\bai4_15.csproj", "{FC8B4571-F7BD-4EF7-9B58-E11D866096C9}"
EndProject
Project("{9A19103F-16F7-4668-BE54-9A1E7A4F7556}") = "bai4_16", "OOP\Chuong2HW\Slide\bai4_16\bai4_16.csproj", "{F7F91BC0-3722-4E14-A068-77ABDE7806A4}"
EndProject
Project("{9A19103F-16F7-4668-BE54-9A1E7A4F7556}") = "bai4_17", "OOP\Chuong2HW\Slide\bai4_17\bai4_17.csproj", "{AE3BF88E-1533-4522-AAE3-7F735AFB15EE}"
EndProject
Project("{9A19103F-16F7-4668-BE54-9A1E7A4F7556}") = "bai4_4", "OOP\Chuong2HW\Slide\bai4_4\bai4_4.csproj", "{3C4F30DD-BBD5-4151-8EDE-2C38CE4AA614}"
EndProject
Project("{9A19103F-16F7-4668-BE54-9A1E7A4F7556}") = "bai4_7", "OOP\Chuong2HW\Slide\bai4_7\bai4_7.csproj", "{A6CA8123-8C4D-46FC-8DA4-A345D7393039}"
EndProject
Global
	GlobalSection(SolutionConfigurationPlatforms) = preSolution
		Debug|Any CPU = Debug|Any CPU
		Release|Any CPU = Release|Any CPU
	EndGlobalSection
	GlobalSection(ProjectConfigurationPlatforms) = postSolution
		{472132DD-CE97-4DF9-AD94-C7CE239CC2CB}.Debug|Any CPU.ActiveCfg = Debug|Any CPU
		{472132DD-CE97-4DF9-AD94-C7CE239CC2CB}.Debug|Any CPU.Build.0 = Debug|Any CPU
		{472132DD-CE97-4DF9-AD94-C7CE239CC2CB}.Release|Any CPU.ActiveCfg = Release|Any CPU
		{472132DD-CE97-4DF9-AD94-C7CE239CC2CB}.Release|Any CPU.Build.0 = Release|Any CPU
		{3571CFD1-96CB-456A-B080-F294E825461A}.Debug|Any CPU.ActiveCfg = Debug|Any CPU
		{3571CFD1-96CB-456A-B080-F294E825461A}.Debug|Any CPU.Build.0 = Debug|Any CPU
		{3571CFD1-96CB-456A-B080-F294E825461A}.Release|Any CPU.ActiveCfg = Release|Any CPU
		{3571CFD1-96CB-456A-B080-F294E825461A}.Release|Any CPU.Build.0 = Release|Any CPU
		{E24CC3E2-BAE4-4377-A1F7-2BC4DA6FE3C4}.Debug|Any CPU.ActiveCfg = Debug|Any CPU
		{E24CC3E2-BAE4-4377-A1F7-2BC4DA6FE3C4}.Debug|Any CPU.Build.0 = Debug|Any CPU
		{E24CC3E2-BAE4-4377-A1F7-2BC4DA6FE3C4}.Release|Any CPU.ActiveCfg = Release|Any CPU
		{E24CC3E2-BAE4-4377-A1F7-2BC4DA6FE3C4}.Release|Any CPU.Build.0 = Release|Any CPU
		{8C09C330-5A58-4A22-8212-C8F403A77F5D}.Debug|Any CPU.ActiveCfg = Debug|Any CPU
		{8C09C330-5A58-4A22-8212-C8F403A77F5D}.Debug|Any CPU.Build.0 = Debug|Any CPU
		{8C09C330-5A58-4A22-8212-C8F403A77F5D}.Release|Any CPU.ActiveCfg = Release|Any CPU
		{8C09C330-5A58-4A22-8212-C8F403A77F5D}.Release|Any CPU.Build.0 = Release|Any CPU
		{DF8D4C13-6FC2-4F99-A978-7016475D96E6}.Debug|Any CPU.ActiveCfg = Debug|Any CPU
		{DF8D4C13-6FC2-4F99-A978-7016475D96E6}.Debug|Any CPU.Build.0 = Debug|Any CPU
		{DF8D4C13-6FC2-4F99-A978-7016475D96E6}.Release|Any CPU.ActiveCfg = Release|Any CPU
		{DF8D4C13-6FC2-4F99-A978-7016475D96E6}.Release|Any CPU.Build.0 = Release|Any CPU
		{54464A1D-59A7-49B9-B544-FB87FE562F88}.Debug|Any CPU.ActiveCfg = Debug|Any CPU
		{54464A1D-59A7-49B9-B544-FB87FE562F88}.Debug|Any CPU.Build.0 = Debug|Any CPU
		{54464A1D-59A7-49B9-B544-FB87FE562F88}.Release|Any CPU.ActiveCfg = Release|Any CPU
		{54464A1D-59A7-49B9-B544-FB87FE562F88}.Release|Any CPU.Build.0 = Release|Any CPU
		{88DDB6D6-F7F5-4A79-A77D-39037F6A3EE9}.Debug|Any CPU.ActiveCfg = Debug|Any CPU
		{88DDB6D6-F7F5-4A79-A77D-39037F6A3EE9}.Debug|Any CPU.Build.0 = Debug|Any CPU
		{88DDB6D6-F7F5-4A79-A77D-39037F6A3EE9}.Release|Any CPU.ActiveCfg = Release|Any CPU
		{88DDB6D6-F7F5-4A79-A77D-39037F6A3EE9}.Release|Any CPU.Build.0 = Release|Any CPU
		{4005B962-AB83-4085-8213-F4A4FAB49708}.Debug|Any CPU.ActiveCfg = Debug|Any CPU
		{4005B962-AB83-4085-8213-F4A4FAB49708}.Debug|Any CPU.Build.0 = Debug|Any CPU
		{4005B962-AB83-4085-8213-F4A4FAB49708}.Release|Any CPU.ActiveCfg = Release|Any CPU
		{4005B962-AB83-4085-8213-F4A4FAB49708}.Release|Any CPU.Build.0 = Release|Any CPU
		{0FFFEE49-5518-45F7-A543-DA06A4CCE83B}.Debug|Any CPU.ActiveCfg = Debug|Any CPU
		{0FFFEE49-5518-45F7-A543-DA06A4CCE83B}.Debug|Any CPU.Build.0 = Debug|Any CPU
		{0FFFEE49-5518-45F7-A543-DA06A4CCE83B}.Release|Any CPU.ActiveCfg = Release|Any CPU
		{0FFFEE49-5518-45F7-A543-DA06A4CCE83B}.Release|Any CPU.Build.0 = Release|Any CPU
		{C16E55DD-455C-4A6B-BCDC-9B2C41209A9C}.Debug|Any CPU.ActiveCfg = Debug|Any CPU
		{C16E55DD-455C-4A6B-BCDC-9B2C41209A9C}.Debug|Any CPU.Build.0 = Debug|Any CPU
		{C16E55DD-455C-4A6B-BCDC-9B2C41209A9C}.Release|Any CPU.ActiveCfg = Release|Any CPU
		{C16E55DD-455C-4A6B-BCDC-9B2C41209A9C}.Release|Any CPU.Build.0 = Release|Any CPU
		{9E99CFAA-10B9-4B6F-964D-F237AF93874B}.Debug|Any CPU.ActiveCfg = Debug|Any CPU
		{9E99CFAA-10B9-4B6F-964D-F237AF93874B}.Debug|Any CPU.Build.0 = Debug|Any CPU
		{9E99CFAA-10B9-4B6F-964D-F237AF93874B}.Release|Any CPU.ActiveCfg = Release|Any CPU
		{9E99CFAA-10B9-4B6F-964D-F237AF93874B}.Release|Any CPU.Build.0 = Release|Any CPU
		{7B1325CB-F35A-4C40-A1D4-43BD84DF8E1D}.Debug|Any CPU.ActiveCfg = Debug|Any CPU
		{7B1325CB-F35A-4C40-A1D4-43BD84DF8E1D}.Debug|Any CPU.Build.0 = Debug|Any CPU
		{7B1325CB-F35A-4C40-A1D4-43BD84DF8E1D}.Release|Any CPU.ActiveCfg = Release|Any CPU
		{7B1325CB-F35A-4C40-A1D4-43BD84DF8E1D}.Release|Any CPU.Build.0 = Release|Any CPU
		{C93EF73F-E971-433A-A83C-393F909F32AC}.Debug|Any CPU.ActiveCfg = Debug|Any CPU
		{C93EF73F-E971-433A-A83C-393F909F32AC}.Debug|Any CPU.Build.0 = Debug|Any CPU
		{C93EF73F-E971-433A-A83C-393F909F32AC}.Release|Any CPU.ActiveCfg = Release|Any CPU
		{C93EF73F-E971-433A-A83C-393F909F32AC}.Release|Any CPU.Build.0 = Release|Any CPU
		{2519B4C1-B6C0-4E5D-858B-ACFE993B70B2}.Debug|Any CPU.ActiveCfg = Debug|Any CPU
		{2519B4C1-B6C0-4E5D-858B-ACFE993B70B2}.Debug|Any CPU.Build.0 = Debug|Any CPU
		{2519B4C1-B6C0-4E5D-858B-ACFE993B70B2}.Release|Any CPU.ActiveCfg = Release|Any CPU
		{2519B4C1-B6C0-4E5D-858B-ACFE993B70B2}.Release|Any CPU.Build.0 = Release|Any CPU
		{7BC04132-DF79-438D-A1A6-59B7D0C7EFC4}.Debug|Any CPU.ActiveCfg = Debug|Any CPU
		{7BC04132-DF79-438D-A1A6-59B7D0C7EFC4}.Debug|Any CPU.Build.0 = Debug|Any CPU
		{7BC04132-DF79-438D-A1A6-59B7D0C7EFC4}.Release|Any CPU.ActiveCfg = Release|Any CPU
		{7BC04132-DF79-438D-A1A6-59B7D0C7EFC4}.Release|Any CPU.Build.0 = Release|Any CPU
		{C49A0744-BDE7-49FE-8DAA-8CC083101D59}.Debug|Any CPU.ActiveCfg = Debug|Any CPU
		{C49A0744-BDE7-49FE-8DAA-8CC083101D59}.Debug|Any CPU.Build.0 = Debug|Any CPU
		{C49A0744-BDE7-49FE-8DAA-8CC083101D59}.Release|Any CPU.ActiveCfg = Release|Any CPU
		{C49A0744-BDE7-49FE-8DAA-8CC083101D59}.Release|Any CPU.Build.0 = Release|Any CPU
		{9C7FF094-DF31-41C0-A0DB-5A538EC06483}.Debug|Any CPU.ActiveCfg = Debug|Any CPU
		{9C7FF094-DF31-41C0-A0DB-5A538EC06483}.Debug|Any CPU.Build.0 = Debug|Any CPU
		{9C7FF094-DF31-41C0-A0DB-5A538EC06483}.Release|Any CPU.ActiveCfg = Release|Any CPU
		{9C7FF094-DF31-41C0-A0DB-5A538EC06483}.Release|Any CPU.Build.0 = Release|Any CPU
		{022B9823-A08C-4FC3-B81F-C80E52E4233A}.Debug|Any CPU.ActiveCfg = Debug|Any CPU
		{022B9823-A08C-4FC3-B81F-C80E52E4233A}.Debug|Any CPU.Build.0 = Debug|Any CPU
		{022B9823-A08C-4FC3-B81F-C80E52E4233A}.Release|Any CPU.ActiveCfg = Release|Any CPU
		{022B9823-A08C-4FC3-B81F-C80E52E4233A}.Release|Any CPU.Build.0 = Release|Any CPU
		{99BCD1CC-3720-4C39-BD39-38069097BD9C}.Debug|Any CPU.ActiveCfg = Debug|Any CPU
		{99BCD1CC-3720-4C39-BD39-38069097BD9C}.Debug|Any CPU.Build.0 = Debug|Any CPU
		{99BCD1CC-3720-4C39-BD39-38069097BD9C}.Release|Any CPU.ActiveCfg = Release|Any CPU
		{99BCD1CC-3720-4C39-BD39-38069097BD9C}.Release|Any CPU.Build.0 = Release|Any CPU
		{0624CE73-C0EE-4F19-9A2A-D8655CD635DD}.Debug|Any CPU.ActiveCfg = Debug|Any CPU
		{0624CE73-C0EE-4F19-9A2A-D8655CD635DD}.Debug|Any CPU.Build.0 = Debug|Any CPU
		{0624CE73-C0EE-4F19-9A2A-D8655CD635DD}.Release|Any CPU.ActiveCfg = Release|Any CPU
		{0624CE73-C0EE-4F19-9A2A-D8655CD635DD}.Release|Any CPU.Build.0 = Release|Any CPU
		{6962A008-F62A-42D2-A171-B3144AE6B50D}.Debug|Any CPU.ActiveCfg = Debug|Any CPU
		{6962A008-F62A-42D2-A171-B3144AE6B50D}.Debug|Any CPU.Build.0 = Debug|Any CPU
		{6962A008-F62A-42D2-A171-B3144AE6B50D}.Release|Any CPU.ActiveCfg = Release|Any CPU
		{6962A008-F62A-42D2-A171-B3144AE6B50D}.Release|Any CPU.Build.0 = Release|Any CPU
		{727BBAE1-8C32-4AAC-81BF-87B82B8639B3}.Debug|Any CPU.ActiveCfg = Debug|Any CPU
		{727BBAE1-8C32-4AAC-81BF-87B82B8639B3}.Debug|Any CPU.Build.0 = Debug|Any CPU
		{727BBAE1-8C32-4AAC-81BF-87B82B8639B3}.Release|Any CPU.ActiveCfg = Release|Any CPU
		{727BBAE1-8C32-4AAC-81BF-87B82B8639B3}.Release|Any CPU.Build.0 = Release|Any CPU
		{BEA8230B-416A-4D96-B380-71CB11A581E8}.Debug|Any CPU.ActiveCfg = Debug|Any CPU
		{BEA8230B-416A-4D96-B380-71CB11A581E8}.Debug|Any CPU.Build.0 = Debug|Any CPU
		{BEA8230B-416A-4D96-B380-71CB11A581E8}.Release|Any CPU.ActiveCfg = Release|Any CPU
		{BEA8230B-416A-4D96-B380-71CB11A581E8}.Release|Any CPU.Build.0 = Release|Any CPU
		{5D3289BA-B585-40E1-8758-745E6467A1DA}.Debug|Any CPU.ActiveCfg = Debug|Any CPU
		{5D3289BA-B585-40E1-8758-745E6467A1DA}.Debug|Any CPU.Build.0 = Debug|Any CPU
		{5D3289BA-B585-40E1-8758-745E6467A1DA}.Release|Any CPU.ActiveCfg = Release|Any CPU
		{5D3289BA-B585-40E1-8758-745E6467A1DA}.Release|Any CPU.Build.0 = Release|Any CPU
		{9783CC6F-4A43-4E9E-B53B-B71CFCDA51CB}.Debug|Any CPU.ActiveCfg = Debug|Any CPU
		{9783CC6F-4A43-4E9E-B53B-B71CFCDA51CB}.Debug|Any CPU.Build.0 = Debug|Any CPU
		{9783CC6F-4A43-4E9E-B53B-B71CFCDA51CB}.Release|Any CPU.ActiveCfg = Release|Any CPU
		{9783CC6F-4A43-4E9E-B53B-B71CFCDA51CB}.Release|Any CPU.Build.0 = Release|Any CPU
		{91F6E7F6-6B2E-4595-B4CD-5D7794D8CBFD}.Debug|Any CPU.ActiveCfg = Debug|Any CPU
		{91F6E7F6-6B2E-4595-B4CD-5D7794D8CBFD}.Debug|Any CPU.Build.0 = Debug|Any CPU
		{91F6E7F6-6B2E-4595-B4CD-5D7794D8CBFD}.Release|Any CPU.ActiveCfg = Release|Any CPU
		{91F6E7F6-6B2E-4595-B4CD-5D7794D8CBFD}.Release|Any CPU.Build.0 = Release|Any CPU
		{B8120B51-DB0C-461F-A54C-6FEB0D234D8C}.Debug|Any CPU.ActiveCfg = Debug|Any CPU
		{B8120B51-DB0C-461F-A54C-6FEB0D234D8C}.Debug|Any CPU.Build.0 = Debug|Any CPU
		{B8120B51-DB0C-461F-A54C-6FEB0D234D8C}.Release|Any CPU.ActiveCfg = Release|Any CPU
		{B8120B51-DB0C-461F-A54C-6FEB0D234D8C}.Release|Any CPU.Build.0 = Release|Any CPU
		{FC8B4571-F7BD-4EF7-9B58-E11D866096C9}.Debug|Any CPU.ActiveCfg = Debug|Any CPU
		{FC8B4571-F7BD-4EF7-9B58-E11D866096C9}.Debug|Any CPU.Build.0 = Debug|Any CPU
		{FC8B4571-F7BD-4EF7-9B58-E11D866096C9}.Release|Any CPU.ActiveCfg = Release|Any CPU
		{FC8B4571-F7BD-4EF7-9B58-E11D866096C9}.Release|Any CPU.Build.0 = Release|Any CPU
		{F7F91BC0-3722-4E14-A068-77ABDE7806A4}.Debug|Any CPU.ActiveCfg = Debug|Any CPU
		{F7F91BC0-3722-4E14-A068-77ABDE7806A4}.Debug|Any CPU.Build.0 = Debug|Any CPU
		{F7F91BC0-3722-4E14-A068-77ABDE7806A4}.Release|Any CPU.ActiveCfg = Release|Any CPU
		{F7F91BC0-3722-4E14-A068-77ABDE7806A4}.Release|Any CPU.Build.0 = Release|Any CPU
		{AE3BF88E-1533-4522-AAE3-7F735AFB15EE}.Debug|Any CPU.ActiveCfg = Debug|Any CPU
		{AE3BF88E-1533-4522-AAE3-7F735AFB15EE}.Debug|Any CPU.Build.0 = Debug|Any CPU
		{AE3BF88E-1533-4522-AAE3-7F735AFB15EE}.Release|Any CPU.ActiveCfg = Release|Any CPU
		{AE3BF88E-1533-4522-AAE3-7F735AFB15EE}.Release|Any CPU.Build.0 = Release|Any CPU
		{3C4F30DD-BBD5-4151-8EDE-2C38CE4AA614}.Debug|Any CPU.ActiveCfg = Debug|Any CPU
		{3C4F30DD-BBD5-4151-8EDE-2C38CE4AA614}.Debug|Any CPU.Build.0 = Debug|Any CPU
		{3C4F30DD-BBD5-4151-8EDE-2C38CE4AA614}.Release|Any CPU.ActiveCfg = Release|Any CPU
		{3C4F30DD-BBD5-4151-8EDE-2C38CE4AA614}.Release|Any CPU.Build.0 = Release|Any CPU
		{A6CA8123-8C4D-46FC-8DA4-A345D7393039}.Debug|Any CPU.ActiveCfg = Debug|Any CPU
		{A6CA8123-8C4D-46FC-8DA4-A345D7393039}.Debug|Any CPU.Build.0 = Debug|Any CPU
		{A6CA8123-8C4D-46FC-8DA4-A345D7393039}.Release|Any CPU.ActiveCfg = Release|Any CPU
		{A6CA8123-8C4D-46FC-8DA4-A345D7393039}.Release|Any CPU.Build.0 = Release|Any CPU
	EndGlobalSection
	GlobalSection(SolutionProperties) = preSolution
		HideSolutionNode = FALSE
	EndGlobalSection
	GlobalSection(NestedProjects) = preSolution
		{472132DD-CE97-4DF9-AD94-C7CE239CC2CB} = {4D81C35E-C947-4F02-9813-FF53196C190F}
		{3571CFD1-96CB-456A-B080-F294E825461A} = {4D81C35E-C947-4F02-9813-FF53196C190F}
		{E24CC3E2-BAE4-4377-A1F7-2BC4DA6FE3C4} = {4D81C35E-C947-4F02-9813-FF53196C190F}
		{8105E10F-834A-4DF0-A892-C4FFC4FD126F} = {4D81C35E-C947-4F02-9813-FF53196C190F}
		{8C09C330-5A58-4A22-8212-C8F403A77F5D} = {8105E10F-834A-4DF0-A892-C4FFC4FD126F}
		{DF8D4C13-6FC2-4F99-A978-7016475D96E6} = {8105E10F-834A-4DF0-A892-C4FFC4FD126F}
		{54464A1D-59A7-49B9-B544-FB87FE562F88} = {8105E10F-834A-4DF0-A892-C4FFC4FD126F}
		{88DDB6D6-F7F5-4A79-A77D-39037F6A3EE9} = {8105E10F-834A-4DF0-A892-C4FFC4FD126F}
		{4005B962-AB83-4085-8213-F4A4FAB49708} = {8105E10F-834A-4DF0-A892-C4FFC4FD126F}
		{0FFFEE49-5518-45F7-A543-DA06A4CCE83B} = {8105E10F-834A-4DF0-A892-C4FFC4FD126F}
		{C16E55DD-455C-4A6B-BCDC-9B2C41209A9C} = {8105E10F-834A-4DF0-A892-C4FFC4FD126F}
		{9E99CFAA-10B9-4B6F-964D-F237AF93874B} = {8105E10F-834A-4DF0-A892-C4FFC4FD126F}
		{7B1325CB-F35A-4C40-A1D4-43BD84DF8E1D} = {8105E10F-834A-4DF0-A892-C4FFC4FD126F}
		{0483D2E6-CF42-4377-A22C-34B3326ECC02} = {4D81C35E-C947-4F02-9813-FF53196C190F}
		{C93EF73F-E971-433A-A83C-393F909F32AC} = {0483D2E6-CF42-4377-A22C-34B3326ECC02}
		{2519B4C1-B6C0-4E5D-858B-ACFE993B70B2} = {0483D2E6-CF42-4377-A22C-34B3326ECC02}
		{6B12720C-197F-464E-BA62-BEC51E19937E} = {4D81C35E-C947-4F02-9813-FF53196C190F}
		{7BC04132-DF79-438D-A1A6-59B7D0C7EFC4} = {6B12720C-197F-464E-BA62-BEC51E19937E}
		{C49A0744-BDE7-49FE-8DAA-8CC083101D59} = {6B12720C-197F-464E-BA62-BEC51E19937E}
		{4DE002E7-7FD0-43E2-A0FA-2F803061BC19} = {4D81C35E-C947-4F02-9813-FF53196C190F}
		{9C7FF094-DF31-41C0-A0DB-5A538EC06483} = {4DE002E7-7FD0-43E2-A0FA-2F803061BC19}
		{022B9823-A08C-4FC3-B81F-C80E52E4233A} = {4DE002E7-7FD0-43E2-A0FA-2F803061BC19}
		{99BCD1CC-3720-4C39-BD39-38069097BD9C} = {4DE002E7-7FD0-43E2-A0FA-2F803061BC19}
		{0624CE73-C0EE-4F19-9A2A-D8655CD635DD} = {4DE002E7-7FD0-43E2-A0FA-2F803061BC19}
		{6962A008-F62A-42D2-A171-B3144AE6B50D} = {4DE002E7-7FD0-43E2-A0FA-2F803061BC19}
		{37BA59DE-33E5-4D62-96D4-ACA61195A9EC} = {4D81C35E-C947-4F02-9813-FF53196C190F}
		{727BBAE1-8C32-4AAC-81BF-87B82B8639B3} = {37BA59DE-33E5-4D62-96D4-ACA61195A9EC}
		{9DC4A643-8792-4358-9851-835840AE5575} = {4D81C35E-C947-4F02-9813-FF53196C190F}
		{BEA8230B-416A-4D96-B380-71CB11A581E8} = {9DC4A643-8792-4358-9851-835840AE5575}
		{8406FEAF-B8C6-402E-A26F-CAC4A67ADA82} = {4D81C35E-C947-4F02-9813-FF53196C190F}
		{5D3289BA-B585-40E1-8758-745E6467A1DA} = {8406FEAF-B8C6-402E-A26F-CAC4A67ADA82}
		{A94C1768-F067-42D8-A395-64F242F1DC83} = {0483D2E6-CF42-4377-A22C-34B3326ECC02}
		{9783CC6F-4A43-4E9E-B53B-B71CFCDA51CB} = {A94C1768-F067-42D8-A395-64F242F1DC83}
		{91F6E7F6-6B2E-4595-B4CD-5D7794D8CBFD} = {A94C1768-F067-42D8-A395-64F242F1DC83}
		{B8120B51-DB0C-461F-A54C-6FEB0D234D8C} = {A94C1768-F067-42D8-A395-64F242F1DC83}
		{FC8B4571-F7BD-4EF7-9B58-E11D866096C9} = {A94C1768-F067-42D8-A395-64F242F1DC83}
		{F7F91BC0-3722-4E14-A068-77ABDE7806A4} = {A94C1768-F067-42D8-A395-64F242F1DC83}
		{AE3BF88E-1533-4522-AAE3-7F735AFB15EE} = {A94C1768-F067-42D8-A395-64F242F1DC83}
		{3C4F30DD-BBD5-4151-8EDE-2C38CE4AA614} = {A94C1768-F067-42D8-A395-64F242F1DC83}
		{A6CA8123-8C4D-46FC-8DA4-A345D7393039} = {A94C1768-F067-42D8-A395-64F242F1DC83}
	EndGlobalSection
	GlobalSection(ExtensibilityGlobals) = postSolution
		SolutionGuid = {2F3807E1-BBCD-486C-BEAA-069AFA54E17E}
	EndGlobalSection
EndGlobal
